
Microsoft Visual Studio Solution File, Format Version 12.00
# Visual Studio Version 17
VisualStudioVersion = 17.2.32630.192
MinimumVisualStudioVersion = 10.0.40219.1
Project("{FAE04EC0-301F-11D3-BF4B-00C04F79EFBC}") = "ListViewTutorial.Android", "ListViewTutorial\ListViewTutorial.Android\ListViewTutorial.Android.csproj", "{5A97C5C8-1C10-458A-8626-F6E7099011C4}"
EndProject
Project("{FAE04EC0-301F-11D3-BF4B-00C04F79EFBC}") = "ListViewTutorial", "ListViewTutorial\ListViewTutorial\ListViewTutorial.csproj", "{A00E2E94-3693-4A25-9935-2BACD666FC8C}"
EndProject
Global
	GlobalSection(SolutionConfigurationPlatforms) = preSolution
		Debug|Any CPU = Debug|Any CPU
		Release|Any CPU = Release|Any CPU
	EndGlobalSection
	GlobalSection(ProjectConfigurationPlatforms) = postSolution
		{5A97C5C8-1C10-458A-8626-F6E7099011C4}.Debug|Any CPU.ActiveCfg = Debug|Any CPU
		{5A97C5C8-1C10-458A-8626-F6E7099011C4}.Debug|Any CPU.Build.0 = Debug|Any CPU
		{5A97C5C8-1C10-458A-8626-F6E7099011C4}.Debug|Any CPU.Deploy.0 = Debug|Any CPU
		{5A97C5C8-1C10-458A-8626-F6E7099011C4}.Release|Any CPU.ActiveCfg = Release|Any CPU
		{5A97C5C8-1C10-458A-8626-F6E7099011C4}.Release|Any CPU.Build.0 = Release|Any CPU
		{5A97C5C8-1C10-458A-8626-F6E7099011C4}.Release|Any CPU.Deploy.0 = Release|Any CPU
		{A00E2E94-3693-4A25-9935-2BACD666FC8C}.Debug|Any CPU.ActiveCfg = Debug|Any CPU
		{A00E2E94-3693-4A25-9935-2BACD666FC8C}.Debug|Any CPU.Build.0 = Debug|Any CPU
		{A00E2E94-3693-4A25-9935-2BACD666FC8C}.Debug|Any CPU.Deploy.0 = Debug|Any CPU
		{A00E2E94-3693-4A25-9935-2BACD666FC8C}.Release|Any CPU.ActiveCfg = Release|Any CPU
		{A00E2E94-3693-4A25-9935-2BACD666FC8C}.Release|Any CPU.Build.0 = Release|Any CPU
		{A00E2E94-3693-4A25-9935-2BACD666FC8C}.Release|Any CPU.Deploy.0 = Release|Any CPU
	EndGlobalSection
	GlobalSection(SolutionProperties) = preSolution
		HideSolutionNode = FALSE
	EndGlobalSection
	GlobalSection(ExtensibilityGlobals) = postSolution
		SolutionGuid = {66E28AC2-3442-4FF8-A3DA-9A6D20848BF1}
	EndGlobalSection
EndGlobal
